Microsoft Visual Studio Solution File, Format Version 11.00
# Visual Studio 2008

Project("{5C5240D2-164F-BE71-04A0-B96A10BCCC55}") = "ICHACKShooter", "Assembly-CSharp.csproj", "{632E8333-14B1-0F74-F28F-240D5E8A2C6F}"
EndProject
Project("{5C5240D2-164F-BE71-04A0-B96A10BCCC55}") = "ICHACKShooter", "Assembly-CSharp-Editor.csproj", "{FD688C9E-DFE4-5125-721A-A5061B2FAE8B}"
EndProject
Global
	GlobalSection(SolutionConfigurationPlatforms) = preSolution
		Debug|Any CPU = Debug|Any CPU
		Release|Any CPU = Release|Any CPU
	EndGlobalSection
	GlobalSection(ProjectConfigurationPlatforms) = postSolution
		{632E8333-14B1-0F74-F28F-240D5E8A2C6F}.Debug|Any CPU.ActiveCfg = Debug|Any CPU
		{632E8333-14B1-0F74-F28F-240D5E8A2C6F}.Debug|Any CPU.Build.0 = Debug|Any CPU
		{632E8333-14B1-0F74-F28F-240D5E8A2C6F}.Release|Any CPU.ActiveCfg = Release|Any CPU
		{632E8333-14B1-0F74-F28F-240D5E8A2C6F}.Release|Any CPU.Build.0 = Release|Any CPU
		{FD688C9E-DFE4-5125-721A-A5061B2FAE8B}.Debug|Any CPU.ActiveCfg = Debug|Any CPU
		{FD688C9E-DFE4-5125-721A-A5061B2FAE8B}.Debug|Any CPU.Build.0 = Debug|Any CPU
		{FD688C9E-DFE4-5125-721A-A5061B2FAE8B}.Release|Any CPU.ActiveCfg = Release|Any CPU
		{FD688C9E-DFE4-5125-721A-A5061B2FAE8B}.Release|Any CPU.Build.0 = Release|Any CPU
	EndGlobalSection
	GlobalSection(SolutionProperties) = preSolution
		HideSolutionNode = FALSE
	EndGlobalSection
	GlobalSection(MonoDevelopProperties) = preSolution
		StartupItem = Assembly-CSharp.csproj
	EndGlobalSection
EndGlobal
